{
  "requires": true,
  "lockfileVersion": 1,
  "dependencies": {
    "react-google-location": {
      "version": "1.2.2",
      "resolved": "https://registry.npmjs.org/react-google-location/-/react-google-location-1.2.2.tgz",
      "integrity": "sha512-eGZRPLtacKHUwEEWT4tYszv0d6HgfrFwPFvx7v7k3+2uxZ93D+4vmEG9VxZD1uAMiqNvos0RTiy7gZGkZpWjNA=="
    }
  }
}
